
Microsoft Visual Studio Solution File, Format Version 12.00
# Visual Studio 15
VisualStudioVersion = 15.0.27130.2036
MinimumVisualStudioVersion = 10.0.40219.1
Project("{FAE04EC0-301F-11D3-BF4B-00C04F79EFBC}") = "Final_Project.Android", "Final_Project\Final_Project.Android\Final_Project.Android.csproj", "{E6B8DB67-F23A-4EA7-B601-10FDACE6F12C}"
EndProject
Project("{FAE04EC0-301F-11D3-BF4B-00C04F79EFBC}") = "Final_Project.iOS", "Final_Project\Final_Project.iOS\Final_Project.iOS.csproj", "{466F034C-355F-474A-A338-55BCC81630B7}"
EndProject
Project("{FAE04EC0-301F-11D3-BF4B-00C04F79EFBC}") = "Final_Project.UWP", "Final_Project\Final_Project.UWP\Final_Project.UWP.csproj", "{723B4F85-F5A6-43BA-B4C4-A800F5E97200}"
EndProject
Project("{D954291E-2A0B-460D-934E-DC6B0785DB48}") = "Final_Project", "Final_Project\Final_Project\Final_Project.shproj", "{A1BD1DCF-A755-4E8A-83AF-60E0B85542FE}"
EndProject
Global
	GlobalSection(SharedMSBuildProjectFiles) = preSolution
		Final_Project\Final_Project\Final_Project.projitems*{466f034c-355f-474a-a338-55bcc81630b7}*SharedItemsImports = 4
		Final_Project\Final_Project\Final_Project.projitems*{723b4f85-f5a6-43ba-b4c4-a800f5e97200}*SharedItemsImports = 4
		Final_Project\Final_Project\Final_Project.projitems*{a1bd1dcf-a755-4e8a-83af-60e0b85542fe}*SharedItemsImports = 13
		Final_Project\Final_Project\Final_Project.projitems*{e6b8db67-f23a-4ea7-b601-10fdace6f12c}*SharedItemsImports = 4
	EndGlobalSection
	GlobalSection(SolutionConfigurationPlatforms) = preSolution
		Ad-Hoc|Any CPU = Ad-Hoc|Any CPU
		Ad-Hoc|ARM = Ad-Hoc|ARM
		Ad-Hoc|iPhone = Ad-Hoc|iPhone
		Ad-Hoc|iPhoneSimulator = Ad-Hoc|iPhoneSimulator
		Ad-Hoc|x64 = Ad-Hoc|x64
		Ad-Hoc|x86 = Ad-Hoc|x86
		AppStore|Any CPU = AppStore|Any CPU
		AppStore|ARM = AppStore|ARM
		AppStore|iPhone = AppStore|iPhone
		AppStore|iPhoneSimulator = AppStore|iPhoneSimulator
		AppStore|x64 = AppStore|x64
		AppStore|x86 = AppStore|x86
		Debug|Any CPU = Debug|Any CPU
		Debug|ARM = Debug|ARM
		Debug|iPhone = Debug|iPhone
		Debug|iPhoneSimulator = Debug|iPhoneSimulator
		Debug|x64 = Debug|x64
		Debug|x86 = Debug|x86
		Release|Any CPU = Release|Any CPU
		Release|ARM = Release|ARM
		Release|iPhone = Release|iPhone
		Release|iPhoneSimulator = Release|iPhoneSimulator
		Release|x64 = Release|x64
		Release|x86 = Release|x86
	EndGlobalSection
	GlobalSection(ProjectConfigurationPlatforms) = postSolution
		{E6B8DB67-F23A-4EA7-B601-10FDACE6F12C}.Ad-Hoc|Any CPU.ActiveCfg = Release|Any CPU
		{E6B8DB67-F23A-4EA7-B601-10FDACE6F12C}.Ad-Hoc|Any CPU.Build.0 = Release|Any CPU
		{E6B8DB67-F23A-4EA7-B601-10FDACE6F12C}.Ad-Hoc|Any CPU.Deploy.0 = Release|Any CPU
		{E6B8DB67-F23A-4EA7-B601-10FDACE6F12C}.Ad-Hoc|ARM.ActiveCfg = Release|Any CPU
		{E6B8DB67-F23A-4EA7-B601-10FDACE6F12C}.Ad-Hoc|ARM.Build.0 = Release|Any CPU
		{E6B8DB67-F23A-4EA7-B601-10FDACE6F12C}.Ad-Hoc|ARM.Deploy.0 = Release|Any CPU
		{E6B8DB67-F23A-4EA7-B601-10FDACE6F12C}.Ad-Hoc|iPhone.ActiveCfg = Release|Any CPU
		{E6B8DB67-F23A-4EA7-B601-10FDACE6F12C}.Ad-Hoc|iPhone.Build.0 = Release|Any CPU
		{E6B8DB67-F23A-4EA7-B601-10FDACE6F12C}.Ad-Hoc|iPhone.Deploy.0 = Release|Any CPU
		{E6B8DB67-F23A-4EA7-B601-10FDACE6F12C}.Ad-Hoc|iPhoneSimulator.ActiveCfg = Release|Any CPU
		{E6B8DB67-F23A-4EA7-B601-10FDACE6F12C}.Ad-Hoc|iPhoneSimulator.Build.0 = Release|Any CPU
		{E6B8DB67-F23A-4EA7-B601-10FDACE6F12C}.Ad-Hoc|iPhoneSimulator.Deploy.0 = Release|Any CPU
		{E6B8DB67-F23A-4EA7-B601-10FDACE6F12C}.Ad-Hoc|x64.ActiveCfg = Release|Any CPU
		{E6B8DB67-F23A-4EA7-B601-10FDACE6F12C}.Ad-Hoc|x64.Build.0 = Release|Any CPU
		{E6B8DB67-F23A-4EA7-B601-10FDACE6F12C}.Ad-Hoc|x64.Deploy.0 = Release|Any CPU
		{E6B8DB67-F23A-4EA7-B601-10FDACE6F12C}.Ad-Hoc|x86.ActiveCfg = Release|Any CPU
		{E6B8DB67-F23A-4EA7-B601-10FDACE6F12C}.Ad-Hoc|x86.Build.0 = Release|Any CPU
		{E6B8DB67-F23A-4EA7-B601-10FDACE6F12C}.Ad-Hoc|x86.Deploy.0 = Release|Any CPU
		{E6B8DB67-F23A-4EA7-B601-10FDACE6F12C}.AppStore|Any CPU.ActiveCfg = Release|Any CPU
		{E6B8DB67-F23A-4EA7-B601-10FDACE6F12C}.AppStore|Any CPU.Build.0 = Release|Any CPU
		{E6B8DB67-F23A-4EA7-B601-10FDACE6F12C}.AppStore|Any CPU.Deploy.0 = Release|Any CPU
		{E6B8DB67-F23A-4EA7-B601-10FDACE6F12C}.AppStore|ARM.ActiveCfg = Release|Any CPU
		{E6B8DB67-F23A-4EA7-B601-10FDACE6F12C}.AppStore|ARM.Build.0 = Release|Any CPU
		{E6B8DB67-F23A-4EA7-B601-10FDACE6F12C}.AppStore|ARM.Deploy.0 = Release|Any CPU
		{E6B8DB67-F23A-4EA7-B601-10FDACE6F12C}.AppStore|iPhone.ActiveCfg = Release|Any CPU
		{E6B8DB67-F23A-4EA7-B601-10FDACE6F12C}.AppStore|iPhone.Build.0 = Release|Any CPU
		{E6B8DB67-F23A-4EA7-B601-10FDACE6F12C}.AppStore|iPhone.Deploy.0 = Release|Any CPU
		{E6B8DB67-F23A-4EA7-B601-10FDACE6F12C}.AppStore|iPhoneSimulator.ActiveCfg = Release|Any CPU
		{E6B8DB67-F23A-4EA7-B601-10FDACE6F12C}.AppStore|iPhoneSimulator.Build.0 = Release|Any CPU
		{E6B8DB67-F23A-4EA7-B601-10FDACE6F12C}.AppStore|iPhoneSimulator.Deploy.0 = Release|Any CPU
		{E6B8DB67-F23A-4EA7-B601-10FDACE6F12C}.AppStore|x64.ActiveCfg = Release|Any CPU
		{E6B8DB67-F23A-4EA7-B601-10FDACE6F12C}.AppStore|x64.Build.0 = Release|Any CPU
		{E6B8DB67-F23A-4EA7-B601-10FDACE6F12C}.AppStore|x64.Deploy.0 = Release|Any CPU
		{E6B8DB67-F23A-4EA7-B601-10FDACE6F12C}.AppStore|x86.ActiveCfg = Release|Any CPU
		{E6B8DB67-F23A-4EA7-B601-10FDACE6F12C}.AppStore|x86.Build.0 = Release|Any CPU
		{E6B8DB67-F23A-4EA7-B601-10FDACE6F12C}.AppStore|x86.Deploy.0 = Release|Any CPU
		{E6B8DB67-F23A-4EA7-B601-10FDACE6F12C}.Debug|Any CPU.ActiveCfg = Debug|Any CPU
		{E6B8DB67-F23A-4EA7-B601-10FDACE6F12C}.Debug|Any CPU.Build.0 = Debug|Any CPU
		{E6B8DB67-F23A-4EA7-B601-10FDACE6F12C}.Debug|Any CPU.Deploy.0 = Debug|Any CPU
		{E6B8DB67-F23A-4EA7-B601-10FDACE6F12C}.Debug|ARM.ActiveCfg = Debug|Any CPU
		{E6B8DB67-F23A-4EA7-B601-10FDACE6F12C}.Debug|ARM.Build.0 = Debug|Any CPU
		{E6B8DB67-F23A-4EA7-B601-10FDACE6F12C}.Debug|ARM.Deploy.0 = Debug|Any CPU
		{E6B8DB67-F23A-4EA7-B601-10FDACE6F12C}.Debug|iPhone.ActiveCfg = Debug|Any CPU
		{E6B8DB67-F23A-4EA7-B601-10FDACE6F12C}.Debug|iPhone.Build.0 = Debug|Any CPU
		{E6B8DB67-F23A-4EA7-B601-10FDACE6F12C}.Debug|iPhone.Deploy.0 = Debug|Any CPU
		{E6B8DB67-F23A-4EA7-B601-10FDACE6F12C}.Debug|iPhoneSimulator.ActiveCfg = Debug|Any CPU
		{E6B8DB67-F23A-4EA7-B601-10FDACE6F12C}.Debug|iPhoneSimulator.Build.0 = Debug|Any CPU
		{E6B8DB67-F23A-4EA7-B601-10FDACE6F12C}.Debug|iPhoneSimulator.Deploy.0 = Debug|Any CPU
		{E6B8DB67-F23A-4EA7-B601-10FDACE6F12C}.Debug|x64.ActiveCfg = Debug|Any CPU
		{E6B8DB67-F23A-4EA7-B601-10FDACE6F12C}.Debug|x64.Build.0 = Debug|Any CPU
		{E6B8DB67-F23A-4EA7-B601-10FDACE6F12C}.Debug|x64.Deploy.0 = Debug|Any CPU
		{E6B8DB67-F23A-4EA7-B601-10FDACE6F12C}.Debug|x86.ActiveCfg = Debug|Any CPU
		{E6B8DB67-F23A-4EA7-B601-10FDACE6F12C}.Debug|x86.Build.0 = Debug|Any CPU
		{E6B8DB67-F23A-4EA7-B601-10FDACE6F12C}.Debug|x86.Deploy.0 = Debug|Any CPU
		{E6B8DB67-F23A-4EA7-B601-10FDACE6F12C}.Release|Any CPU.ActiveCfg = Release|Any CPU
		{E6B8DB67-F23A-4EA7-B601-10FDACE6F12C}.Release|Any CPU.Build.0 = Release|Any CPU
		{E6B8DB67-F23A-4EA7-B601-10FDACE6F12C}.Release|Any CPU.Deploy.0 = Release|Any CPU
		{E6B8DB67-F23A-4EA7-B601-10FDACE6F12C}.Release|ARM.ActiveCfg = Release|Any CPU
		{E6B8DB67-F23A-4EA7-B601-10FDACE6F12C}.Release|ARM.Build.0 = Release|Any CPU
		{E6B8DB67-F23A-4EA7-B601-10FDACE6F12C}.Release|ARM.Deploy.0 = Release|Any CPU
		{E6B8DB67-F23A-4EA7-B601-10FDACE6F12C}.Release|iPhone.ActiveCfg = Release|Any CPU
		{E6B8DB67-F23A-4EA7-B601-10FDACE6F12C}.Release|iPhone.Build.0 = Release|Any CPU
		{E6B8DB67-F23A-4EA7-B601-10FDACE6F12C}.Release|iPhone.Deploy.0 = Release|Any CPU
		{E6B8DB67-F23A-4EA7-B601-10FDACE6F12C}.Release|iPhoneSimulator.ActiveCfg = Release|Any CPU
		{E6B8DB67-F23A-4EA7-B601-10FDACE6F12C}.Release|iPhoneSimulator.Build.0 = Release|Any CPU
		{E6B8DB67-F23A-4EA7-B601-10FDACE6F12C}.Release|iPhoneSimulator.Deploy.0 = Release|Any CPU
		{E6B8DB67-F23A-4EA7-B601-10FDACE6F12C}.Release|x64.ActiveCfg = Release|Any CPU
		{E6B8DB67-F23A-4EA7-B601-10FDACE6F12C}.Release|x64.Build.0 = Release|Any CPU
		{E6B8DB67-F23A-4EA7-B601-10FDACE6F12C}.Release|x64.Deploy.0 = Release|Any CPU
		{E6B8DB67-F23A-4EA7-B601-10FDACE6F12C}.Release|x86.ActiveCfg = Release|Any CPU
		{E6B8DB67-F23A-4EA7-B601-10FDACE6F12C}.Release|x86.Build.0 = Release|Any CPU
		{E6B8DB67-F23A-4EA7-B601-10FDACE6F12C}.Release|x86.Deploy.0 = Release|Any CPU
		{466F034C-355F-474A-A338-55BCC81630B7}.Ad-Hoc|Any CPU.ActiveCfg = Ad-Hoc|iPhone
		{466F034C-355F-474A-A338-55BCC81630B7}.Ad-Hoc|ARM.ActiveCfg = Ad-Hoc|iPhone
		{466F034C-355F-474A-A338-55BCC81630B7}.Ad-Hoc|iPhone.ActiveCfg = Ad-Hoc|iPhone
		{466F034C-355F-474A-A338-55BCC81630B7}.Ad-Hoc|iPhone.Build.0 = Ad-Hoc|iPhone
		{466F034C-355F-474A-A338-55BCC81630B7}.Ad-Hoc|iPhoneSimulator.ActiveCfg = Ad-Hoc|iPhoneSimulator
		{466F034C-355F-474A-A338-55BCC81630B7}.Ad-Hoc|iPhoneSimulator.Build.0 = Ad-Hoc|iPhoneSimulator
		{466F034C-355F-474A-A338-55BCC81630B7}.Ad-Hoc|x64.ActiveCfg = Ad-Hoc|iPhone
		{466F034C-355F-474A-A338-55BCC81630B7}.Ad-Hoc|x86.ActiveCfg = Ad-Hoc|iPhone
		{466F034C-355F-474A-A338-55BCC81630B7}.AppStore|Any CPU.ActiveCfg = AppStore|iPhone
		{466F034C-355F-474A-A338-55BCC81630B7}.AppStore|ARM.ActiveCfg = AppStore|iPhone
		{466F034C-355F-474A-A338-55BCC81630B7}.AppStore|iPhone.ActiveCfg = AppStore|iPhone
		{466F034C-355F-474A-A338-55BCC81630B7}.AppStore|iPhone.Build.0 = AppStore|iPhone
		{466F034C-355F-474A-A338-55BCC81630B7}.AppStore|iPhoneSimulator.ActiveCfg = AppStore|iPhoneSimulator
		{466F034C-355F-474A-A338-55BCC81630B7}.AppStore|iPhoneSimulator.Build.0 = AppStore|iPhoneSimulator
		{466F034C-355F-474A-A338-55BCC81630B7}.AppStore|x64.ActiveCfg = AppStore|iPhone
		{466F034C-355F-474A-A338-55BCC81630B7}.AppStore|x86.ActiveCfg = AppStore|iPhone
		{466F034C-355F-474A-A338-55BCC81630B7}.Debug|Any CPU.ActiveCfg = Debug|iPhone
		{466F034C-355F-474A-A338-55BCC81630B7}.Debug|ARM.ActiveCfg = Debug|iPhone
		{466F034C-355F-474A-A338-55BCC81630B7}.Debug|iPhone.ActiveCfg = Debug|iPhone
		{466F034C-355F-474A-A338-55BCC81630B7}.Debug|iPhone.Build.0 = Debug|iPhone
		{466F034C-355F-474A-A338-55BCC81630B7}.Debug|iPhoneSimulator.ActiveCfg = Debug|iPhoneSimulator
		{466F034C-355F-474A-A338-55BCC81630B7}.Debug|iPhoneSimulator.Build.0 = Debug|iPhoneSimulator
		{466F034C-355F-474A-A338-55BCC81630B7}.Debug|x64.ActiveCfg = Debug|iPhone
		{466F034C-355F-474A-A338-55BCC81630B7}.Debug|x86.ActiveCfg = Debug|iPhone
		{466F034C-355F-474A-A338-55BCC81630B7}.Release|Any CPU.ActiveCfg = Release|iPhone
		{466F034C-355F-474A-A338-55BCC81630B7}.Release|ARM.ActiveCfg = Release|iPhone
		{466F034C-355F-474A-A338-55BCC81630B7}.Release|iPhone.ActiveCfg = Release|iPhone
		{466F034C-355F-474A-A338-55BCC81630B7}.Release|iPhone.Build.0 = Release|iPhone
		{466F034C-355F-474A-A338-55BCC81630B7}.Release|iPhoneSimulator.ActiveCfg = Release|iPhoneSimulator
		{466F034C-355F-474A-A338-55BCC81630B7}.Release|iPhoneSimulator.Build.0 = Release|iPhoneSimulator
		{466F034C-355F-474A-A338-55BCC81630B7}.Release|x64.ActiveCfg = Release|iPhone
		{466F034C-355F-474A-A338-55BCC81630B7}.Release|x86.ActiveCfg = Release|iPhone
		{723B4F85-F5A6-43BA-B4C4-A800F5E97200}.Ad-Hoc|Any CPU.ActiveCfg = Release|x86
		{723B4F85-F5A6-43BA-B4C4-A800F5E97200}.Ad-Hoc|Any CPU.Build.0 = Release|x86
		{723B4F85-F5A6-43BA-B4C4-A800F5E97200}.Ad-Hoc|Any CPU.Deploy.0 = Release|x86
		{723B4F85-F5A6-43BA-B4C4-A800F5E97200}.Ad-Hoc|ARM.ActiveCfg = Release|ARM
		{723B4F85-F5A6-43BA-B4C4-A800F5E97200}.Ad-Hoc|ARM.Build.0 = Release|ARM
		{723B4F85-F5A6-43BA-B4C4-A800F5E97200}.Ad-Hoc|ARM.Deploy.0 = Release|ARM
		{723B4F85-F5A6-43BA-B4C4-A800F5E97200}.Ad-Hoc|iPhone.ActiveCfg = Release|x86
		{723B4F85-F5A6-43BA-B4C4-A800F5E97200}.Ad-Hoc|iPhone.Build.0 = Release|x86
		{723B4F85-F5A6-43BA-B4C4-A800F5E97200}.Ad-Hoc|iPhone.Deploy.0 = Release|x86
		{723B4F85-F5A6-43BA-B4C4-A800F5E97200}.Ad-Hoc|iPhoneSimulator.ActiveCfg = Release|x86
		{723B4F85-F5A6-43BA-B4C4-A800F5E97200}.Ad-Hoc|iPhoneSimulator.Build.0 = Release|x86
		{723B4F85-F5A6-43BA-B4C4-A800F5E97200}.Ad-Hoc|iPhoneSimulator.Deploy.0 = Release|x86
		{723B4F85-F5A6-43BA-B4C4-A800F5E97200}.Ad-Hoc|x64.ActiveCfg = Release|x64
		{723B4F85-F5A6-43BA-B4C4-A800F5E97200}.Ad-Hoc|x64.Build.0 = Release|x64
		{723B4F85-F5A6-43BA-B4C4-A800F5E97200}.Ad-Hoc|x64.Deploy.0 = Release|x64
		{723B4F85-F5A6-43BA-B4C4-A800F5E97200}.Ad-Hoc|x86.ActiveCfg = Release|x86
		{723B4F85-F5A6-43BA-B4C4-A800F5E97200}.Ad-Hoc|x86.Build.0 = Release|x86
		{723B4F85-F5A6-43BA-B4C4-A800F5E97200}.Ad-Hoc|x86.Deploy.0 = Release|x86
		{723B4F85-F5A6-43BA-B4C4-A800F5E97200}.AppStore|Any CPU.ActiveCfg = Release|x86
		{723B4F85-F5A6-43BA-B4C4-A800F5E97200}.AppStore|Any CPU.Build.0 = Release|x86
		{723B4F85-F5A6-43BA-B4C4-A800F5E97200}.AppStore|Any CPU.Deploy.0 = Release|x86
		{723B4F85-F5A6-43BA-B4C4-A800F5E97200}.AppStore|ARM.ActiveCfg = Release|ARM
		{723B4F85-F5A6-43BA-B4C4-A800F5E97200}.AppStore|ARM.Build.0 = Release|ARM
		{723B4F85-F5A6-43BA-B4C4-A800F5E97200}.AppStore|ARM.Deploy.0 = Release|ARM
		{723B4F85-F5A6-43BA-B4C4-A800F5E97200}.AppStore|iPhone.ActiveCfg = Release|x86
		{723B4F85-F5A6-43BA-B4C4-A800F5E97200}.AppStore|iPhone.Build.0 = Release|x86
		{723B4F85-F5A6-43BA-B4C4-A800F5E97200}.AppStore|iPhone.Deploy.0 = Release|x86
		{723B4F85-F5A6-43BA-B4C4-A800F5E97200}.AppStore|iPhoneSimulator.ActiveCfg = Release|x86
		{723B4F85-F5A6-43BA-B4C4-A800F5E97200}.AppStore|iPhoneSimulator.Build.0 = Release|x86
		{723B4F85-F5A6-43BA-B4C4-A800F5E97200}.AppStore|iPhoneSimulator.Deploy.0 = Release|x86
		{723B4F85-F5A6-43BA-B4C4-A800F5E97200}.AppStore|x64.ActiveCfg = Release|x64
		{723B4F85-F5A6-43BA-B4C4-A800F5E97200}.AppStore|x64.Build.0 = Release|x64
		{723B4F85-F5A6-43BA-B4C4-A800F5E97200}.AppStore|x64.Deploy.0 = Release|x64
		{723B4F85-F5A6-43BA-B4C4-A800F5E97200}.AppStore|x86.ActiveCfg = Release|x86
		{723B4F85-F5A6-43BA-B4C4-A800F5E97200}.AppStore|x86.Build.0 = Release|x86
		{723B4F85-F5A6-43BA-B4C4-A800F5E97200}.AppStore|x86.Deploy.0 = Release|x86
		{723B4F85-F5A6-43BA-B4C4-A800F5E97200}.Debug|Any CPU.ActiveCfg = Debug|x86
		{723B4F85-F5A6-43BA-B4C4-A800F5E97200}.Debug|ARM.ActiveCfg = Debug|ARM
		{723B4F85-F5A6-43BA-B4C4-A800F5E97200}.Debug|ARM.Build.0 = Debug|ARM
		{723B4F85-F5A6-43BA-B4C4-A800F5E97200}.Debug|ARM.Deploy.0 = Debug|ARM
		{723B4F85-F5A6-43BA-B4C4-A800F5E97200}.Debug|iPhone.ActiveCfg = Debug|x86
		{723B4F85-F5A6-43BA-B4C4-A800F5E97200}.Debug|iPhoneSimulator.ActiveCfg = Debug|x86
		{723B4F85-F5A6-43BA-B4C4-A800F5E97200}.Debug|x64.ActiveCfg = Debug|x64
		{723B4F85-F5A6-43BA-B4C4-A800F5E97200}.Debug|x64.Build.0 = Debug|x64
		{723B4F85-F5A6-43BA-B4C4-A800F5E97200}.Debug|x64.Deploy.0 = Debug|x64
		{723B4F85-F5A6-43BA-B4C4-A800F5E97200}.Debug|x86.ActiveCfg = Debug|x86
		{723B4F85-F5A6-43BA-B4C4-A800F5E97200}.Debug|x86.Build.0 = Debug|x86
		{723B4F85-F5A6-43BA-B4C4-A800F5E97200}.Debug|x86.Deploy.0 = Debug|x86
		{723B4F85-F5A6-43BA-B4C4-A800F5E97200}.Release|Any CPU.ActiveCfg = Release|x86
		{723B4F85-F5A6-43BA-B4C4-A800F5E97200}.Release|ARM.ActiveCfg = Release|ARM
		{723B4F85-F5A6-43BA-B4C4-A800F5E97200}.Release|ARM.Build.0 = Release|ARM
		{723B4F85-F5A6-43BA-B4C4-A800F5E97200}.Release|ARM.Deploy.0 = Release|ARM
		{723B4F85-F5A6-43BA-B4C4-A800F5E97200}.Release|iPhone.ActiveCfg = Release|x86
		{723B4F85-F5A6-43BA-B4C4-A800F5E97200}.Release|iPhoneSimulator.ActiveCfg = Release|x86
		{723B4F85-F5A6-43BA-B4C4-A800F5E97200}.Release|x64.ActiveCfg = Release|x64
		{723B4F85-F5A6-43BA-B4C4-A800F5E97200}.Release|x64.Build.0 = Release|x64
		{723B4F85-F5A6-43BA-B4C4-A800F5E97200}.Release|x64.Deploy.0 = Release|x64
		{723B4F85-F5A6-43BA-B4C4-A800F5E97200}.Release|x86.ActiveCfg = Release|x86
		{723B4F85-F5A6-43BA-B4C4-A800F5E97200}.Release|x86.Build.0 = Release|x86
		{723B4F85-F5A6-43BA-B4C4-A800F5E97200}.Release|x86.Deploy.0 = Release|x86
	EndGlobalSection
	GlobalSection(SolutionProperties) = preSolution
		HideSolutionNode = FALSE
	EndGlobalSection
	GlobalSection(ExtensibilityGlobals) = postSolution
		SolutionGuid = {59FDB1CE-29CE-4E0D-B35B-EFCBC125C096}
	EndGlobalSection
EndGlobal
